
Microsoft Visual Studio Solution File, Format Version 12.00
# Visual Studio 15
VisualStudioVersion = 15.0.27703.2042
MinimumVisualStudioVersion = 10.0.40219.1
Project("{FAE04EC0-301F-11D3-BF4B-00C04F79EFBC}") = "ElectronBlazorSpa.Server", "ElectronBlazorSpa.Server\ElectronBlazorSpa.Server.csproj", "{DB010406-44A1-4FB9-93E6-67423CE42960}"
EndProject
Project("{FAE04EC0-301F-11D3-BF4B-00C04F79EFBC}") = "ElectronBlazorSpa.Client", "ElectronBlazorSpa.Client\ElectronBlazorSpa.Client.csproj", "{08A22262-8455-40DC-B45C-1859983B09F8}"
EndProject
Project("{FAE04EC0-301F-11D3-BF4B-00C04F79EFBC}") = "ElectronBlazorSpa.Shared", "ElectronBlazorSpa.Shared\ElectronBlazorSpa.Shared.csproj", "{9FFBB08A-9AE5-4390-A352-AB4014EDA245}"
EndProject
Global
	GlobalSection(SolutionConfigurationPlatforms) = preSolution
		Debug|Any CPU = Debug|Any CPU
		Release|Any CPU = Release|Any CPU
	EndGlobalSection
	GlobalSection(ProjectConfigurationPlatforms) = postSolution
		{DB010406-44A1-4FB9-93E6-67423CE42960}.Debug|Any CPU.ActiveCfg = Debug|Any CPU
		{DB010406-44A1-4FB9-93E6-67423CE42960}.Debug|Any CPU.Build.0 = Debug|Any CPU
		{DB010406-44A1-4FB9-93E6-67423CE42960}.Release|Any CPU.ActiveCfg = Release|Any CPU
		{DB010406-44A1-4FB9-93E6-67423CE42960}.Release|Any CPU.Build.0 = Release|Any CPU
		{08A22262-8455-40DC-B45C-1859983B09F8}.Debug|Any CPU.ActiveCfg = Debug|Any CPU
		{08A22262-8455-40DC-B45C-1859983B09F8}.Debug|Any CPU.Build.0 = Debug|Any CPU
		{08A22262-8455-40DC-B45C-1859983B09F8}.Release|Any CPU.ActiveCfg = Release|Any CPU
		{08A22262-8455-40DC-B45C-1859983B09F8}.Release|Any CPU.Build.0 = Release|Any CPU
		{9FFBB08A-9AE5-4390-A352-AB4014EDA245}.Debug|Any CPU.ActiveCfg = Debug|Any CPU
		{9FFBB08A-9AE5-4390-A352-AB4014EDA245}.Debug|Any CPU.Build.0 = Debug|Any CPU
		{9FFBB08A-9AE5-4390-A352-AB4014EDA245}.Release|Any CPU.ActiveCfg = Release|Any CPU
		{9FFBB08A-9AE5-4390-A352-AB4014EDA245}.Release|Any CPU.Build.0 = Release|Any CPU
	EndGlobalSection
	GlobalSection(SolutionProperties) = preSolution
		HideSolutionNode = FALSE
	EndGlobalSection
	GlobalSection(ExtensibilityGlobals) = postSolution
		SolutionGuid = {BBF567CC-A7E3-48F3-B97F-0958765C4FAF}
	EndGlobalSection
EndGlobal
